// !$*UTF8*$!
{
	archiveVersion = 1;
	classes = {
	};
	objectVersion = 46;
	objects = {

/* Begin PBXBuildFile section */
		EC4E79321A00898900DC2AB6 /* main.m in Sources */ = {isa = PBXBuildFile; fileRef = EC4E79311A00898900DC2AB6 /* main.m */; };
		EC4E79351A00898900DC2AB6 /* AppDelegate.m in Sources */ = {isa = PBXBuildFile; fileRef = EC4E79341A00898900DC2AB6 /* AppDelegate.m */; };
		EC4E79381A00898900DC2AB6 /* abc.xcdatamodeld in Sources */ = {isa = PBXBuildFile; fileRef = EC4E79361A00898900DC2AB6 /* abc.xcdatamodeld */; };
		EC4E793B1A00898900DC2AB6 /* MasterViewController.m in Sources */ = {isa = PBXBuildFile; fileRef = EC4E793A1A00898900DC2AB6 /* MasterViewController.m */; };
		EC4E793E1A00898900DC2AB6 /* DetailViewController.m in Sources */ = {isa = PBXBuildFile; fileRef = EC4E793D1A00898900DC2AB6 /* DetailViewController.m */; };
		EC4E79411A00898900DC2AB6 /* Main.storyboard in Resources */ = {isa = PBXBuildFile; fileRef = EC4E793F1A00898900DC2AB6 /* Main.storyboard */; };
		EC4E79431A00898900DC2AB6 /* Images.xcassets in Resources */ = {isa = PBXBuildFile; fileRef = EC4E79421A00898900DC2AB6 /* Images.xcassets */; };
		EC4E79461A00898900DC2AB6 /* LaunchScreen.xib in Resources */ = {isa = PBXBuildFile; fileRef = EC4E79441A00898900DC2AB6 /* LaunchScreen.xib */; };
		EC4E79521A00898900DC2AB6 /* abcTests.m in Sources */ = {isa = PBXBuildFile; fileRef = EC4E79511A00898900DC2AB6 /* abcTests.m */; };
/* End PBXBuildFile section */

/* Begin PBXContainerItemProxy section */
		EC4E794C1A00898900DC2AB6 /* PBXContainerItemProxy */ = {
			isa = PBXContainerItemProxy;
			containerPortal = EC4E79241A00898900DC2AB6 /* Project object */;
			proxyType = 1;
			remoteGlobalIDString = EC4E792B1A00898900DC2AB6;
			remoteInfo = abc;
		};
/* End PBXContainerItemProxy section */

/* Begin PBXFileReference section */
		EC4E792C1A00898900DC2AB6 /* abc.app */ = {isa = PBXFileReference; explicitFileType = wrapper.application; includeInIndex = 0; path = abc.app; sourceTree = BUILT_PRODUCTS_DIR; };
		EC4E79301A00898900DC2AB6 /* Info.plist */ = {isa = PBXFileReference; lastKnownFileType = text.plist.xml; path = Info.plist; sourceTree = "<group>"; };
		EC4E79311A00898900DC2AB6 /* main.m */ = {isa = PBXFileReference; lastKnownFileType = sourcecode.c.objc; path = main.m; sourceTree = "<group>"; };
		EC4E79331A00898900DC2AB6 /* AppDelegate.h */ = {isa = PBXFileReference; lastKnownFileType = sourcecode.c.h; path = AppDelegate.h; sourceTree = "<group>"; };
		EC4E79341A00898900DC2AB6 /* AppDelegate.m */ = {isa = PBXFileReference; lastKnownFileType = sourcecode.c.objc; path = AppDelegate.m; sourceTree = "<group>"; };
		EC4E79371A00898900DC2AB6 /* abc.xcdatamodel */ = {isa = PBXFileReference; lastKnownFileType = wrapper.xcdatamodel; path = abc.xcdatamodel; sourceTree = "<group>"; };
		EC4E79391A00898900DC2AB6 /* MasterViewController.h */ = {isa = PBXFileReference; lastKnownFileType = sourcecode.c.h; path = MasterViewController.h; sourceTree = "<group>"; };
		EC4E793A1A00898900DC2AB6 /* MasterViewController.m */ = {isa = PBXFileReference; lastKnownFileType = sourcecode.c.objc; path = MasterViewController.m; sourceTree = "<group>"; };
		EC4E793C1A00898900DC2AB6 /* DetailViewController.h */ = {isa = PBXFileReference; lastKnownFileType = sourcecode.c.h; path = DetailViewController.h; sourceTree = "<group>"; };
		EC4E793D1A00898900DC2AB6 /* DetailViewController.m */ = {isa = PBXFileReference; lastKnownFileType = sourcecode.c.objc; path = DetailViewController.m; sourceTree = "<group>"; };
		EC4E79401A00898900DC2AB6 /* Base */ = {isa = PBXFileReference; lastKnownFileType = file.storyboard; name = Base; path = Base.lproj/Main.storyboard; sourceTree = "<group>"; };
		EC4E79421A00898900DC2AB6 /* Images.xcassets */ = {isa = PBXFileReference; lastKnownFileType = folder.assetcatalog; path = Images.xcassets; sourceTree = "<group>"; };
		EC4E79451A00898900DC2AB6 /* Base */ = {isa = PBXFileReference; lastKnownFileType = file.xib; name = Base; path = Base.lproj/LaunchScreen.xib; sourceTree = "<group>"; };
		EC4E794B1A00898900DC2AB6 /* abcTests.xctest */ = {isa = PBXFileReference; explicitFileType = wrapper.cfbundle; includeInIndex = 0; path = abcTests.xctest; sourceTree = BUILT_PRODUCTS_DIR; };
		EC4E79501A00898900DC2AB6 /* Info.plist */ = {isa = PBXFileReference; lastKnownFileType = text.plist.xml; path = Info.plist; sourceTree = "<group>"; };
		EC4E79511A00898900DC2AB6 /* abcTests.m */ = {isa = PBXFileReference; lastKnownFileType = sourcecode.c.objc; path = abcTests.m; sourceTree = "<group>"; };
/* End PBXFileReference section */

/* Begin PBXFrameworksBuildPhase section */
		EC4E79291A00898900DC2AB6 /* Frameworks */ = {
			isa = PBXFrameworksBuildPhase;
			buildActionMask = 2147483647;
			files = (
			);
			runOnlyForDeploymentPostprocessing = 0;
		};
		EC4E79481A00898900DC2AB6 /* Frameworks */ = {
			isa = PBXFrameworksBuildPhase;
			buildActionMask = 2147483647;
			files = (
			);
			runOnlyForDeploymentPostprocessing = 0;
		};
/* End PBXFrameworksBuildPhase section */

/* Begin PBXGroup section */
		EC4E79231A00898900DC2AB6 = {
			isa = PBXGroup;
			children = (
				EC4E792E1A00898900DC2AB6 /* abc */,
				EC4E794E1A00898900DC2AB6 /* abcTests */,
				EC4E792D1A00898900DC2AB6 /* Products */,
			);
			sourceTree = "<group>";
		};
		EC4E792D1A00898900DC2AB6 /* Products */ = {
			isa = PBXGroup;
			children = (
				EC4E792C1A00898900DC2AB6 /* abc.app */,
				EC4E794B1A00898900DC2AB6 /* abcTests.xctest */,
			);
			name = Products;
			sourceTree = "<group>";
		};
		EC4E792E1A00898900DC2AB6 /* abc */ = {
			isa = PBXGroup;
			children = (
				EC4E79331A00898900DC2AB6 /* AppDelegate.h */,
				EC4E79341A00898900DC2AB6 /* AppDelegate.m */,
				EC4E79391A00898900DC2AB6 /* MasterViewController.h */,
				EC4E793A1A00898900DC2AB6 /* MasterViewController.m */,
				EC4E793C1A00898900DC2AB6 /* DetailViewController.h */,
				EC4E793D1A00898900DC2AB6 /* DetailViewController.m */,
				EC4E793F1A00898900DC2AB6 /* Main.storyboard */,
				EC4E79421A00898900DC2AB6 /* Images.xcassets */,
				EC4E79441A00898900DC2AB6 /* LaunchScreen.xib */,
				EC4E79361A00898900DC2AB6 /* abc.xcdatamodeld */,
				EC4E792F1A00898900DC2AB6 /* Supporting Files */,
			);
			path = abc;
			sourceTree = "<group>";
		};
		EC4E792F1A00898900DC2AB6 /* Supporting Files */ = {
			isa = PBXGroup;
			children = (
				EC4E79301A00898900DC2AB6 /* Info.plist */,
				EC4E79311A00898900DC2AB6 /* main.m */,
			);
			name = "Supporting Files";
			sourceTree = "<group>";
		};
		EC4E794E1A00898900DC2AB6 /* abcTests */ = {
			isa = PBXGroup;
			children = (
				EC4E79511A00898900DC2AB6 /* abcTests.m */,
				EC4E794F1A00898900DC2AB6 /* Supporting Files */,
			);
			path = abcTests;
			sourceTree = "<group>";
		};
		EC4E794F1A00898900DC2AB6 /* Supporting Files */ = {
			isa = PBXGroup;
			children = (
				EC4E79501A00898900DC2AB6 /* Info.plist */,
			);
			name = "Supporting Files";
			sourceTree = "<group>";
		};
/* End PBXGroup section */

/* Begin PBXNativeTarget section */
		EC4E792B1A00898900DC2AB6 /* abc */ = {
			isa = PBXNativeTarget;
			buildConfigurationList = EC4E79551A00898900DC2AB6 /* Build configuration list for PBXNativeTarget "abc" */;
			buildPhases = (
				EC4E79281A00898900DC2AB6 /* Sources */,
				EC4E79291A00898900DC2AB6 /* Frameworks */,
				EC4E792A1A00898900DC2AB6 /* Resources */,
			);
			buildRules = (
			);
			dependencies = (
			);
			name = abc;
			productName = abc;
			productReference = EC4E792C1A00898900DC2AB6 /* abc.app */;
			productType = "com.apple.product-type.application";
		};
		EC4E794A1A00898900DC2AB6 /* abcTests */ = {
			isa = PBXNativeTarget;
			buildConfigurationList = EC4E79581A00898900DC2AB6 /* Build configuration list for PBXNativeTarget "abcTests" */;
			buildPhases = (
				EC4E79471A00898900DC2AB6 /* Sources */,
				EC4E79481A00898900DC2AB6 /* Frameworks */,
				EC4E79491A00898900DC2AB6 /* Resources */,
			);
			buildRules = (
			);
			dependencies = (
				EC4E794D1A00898900DC2AB6 /* PBXTargetDependency */,
			);
			name = abcTests;
			productName = abcTests;
			productReference = EC4E794B1A00898900DC2AB6 /* abcTests.xctest */;
			productType = "com.apple.product-type.bundle.unit-test";
		};
/* End PBXNativeTarget section */

/* Begin PBXProject section */
		EC4E79241A00898900DC2AB6 /* Project object */ = {
			isa = PBXProject;
			attributes = {
				LastUpgradeCheck = 0600;
				ORGANIZATIONNAME = denty;
				TargetAttributes = {
					EC4E792B1A00898900DC2AB6 = {
						CreatedOnToolsVersion = 6.0.1;
					};
					EC4E794A1A00898900DC2AB6 = {
						CreatedOnToolsVersion = 6.0.1;
						TestTargetID = EC4E792B1A00898900DC2AB6;
					};
				};
			};
			buildConfigurationList = EC4E79271A00898900DC2AB6 /* Build configuration list for PBXProject "abc" */;
			compatibilityVersion = "Xcode 3.2";
			developmentRegion = English;
			hasScannedForEncodings = 0;
			knownRegions = (
				en,
				Base,
			);
			mainGroup = EC4E79231A00898900DC2AB6;
			productRefGroup = EC4E792D1A00898900DC2AB6 /* Products */;
			projectDirPath = "";
			projectRoot = "";
			targets = (
				EC4E792B1A00898900DC2AB6 /* abc */,
				EC4E794A1A00898900DC2AB6 /* abcTests */,
			);
		};
/* End PBXProject section */

/* Begin PBXResourcesBuildPhase section */
		EC4E792A1A00898900DC2AB6 /* Resources */ = {
			isa = PBXResourcesBuildPhase;
			buildActionMask = 2147483647;
			files = (
				EC4E79411A00898900DC2AB6 /* Main.storyboard in Resources */,
				EC4E79461A00898900DC2AB6 /* LaunchScreen.xib in Resources */,
				EC4E79431A00898900DC2AB6 /* Images.xcassets in Resources */,
			);
			runOnlyForDeploymentPostprocessing = 0;
		};
		EC4E79491A00898900DC2AB6 /* Resources */ = {
			isa = PBXResourcesBuildPhase;
			buildActionMask = 2147483647;
			files = (
			);
			runOnlyForDeploymentPostprocessing = 0;
		};
/* End PBXResourcesBuildPhase section */

/* Begin PBXSourcesBuildPhase section */
		EC4E79281A00898900DC2AB6 /* Sources */ = {
			isa = PBXSourcesBuildPhase;
			buildActionMask = 2147483647;
			files = (
				EC4E793E1A00898900DC2AB6 /* DetailViewController.m in Sources */,
				EC4E793B1A00898900DC2AB6 /* MasterViewController.m in Sources */,
				EC4E79381A00898900DC2AB6 /* abc.xcdatamodeld in Sources */,
				EC4E79351A00898900DC2AB6 /* AppDelegate.m in Sources */,
				EC4E79321A00898900DC2AB6 /* main.m in Sources */,
			);
			runOnlyForDeploymentPostprocessing = 0;
		};
		EC4E79471A00898900DC2AB6 /* Sources */ = {
			isa = PBXSourcesBuildPhase;
			buildActionMask = 2147483647;
			files = (
				EC4E79521A00898900DC2AB6 /* abcTests.m in Sources */,
			);
			runOnlyForDeploymentPostprocessing = 0;
		};
/* End PBXSourcesBuildPhase section */

/* Begin PBXTargetDependency section */
		EC4E794D1A00898900DC2AB6 /* PBXTargetDependency */ = {
			isa = PBXTargetDependency;
			target = EC4E792B1A00898900DC2AB6 /* abc */;
			targetProxy = EC4E794C1A00898900DC2AB6 /* PBXContainerItemProxy */;
		};
/* End PBXTargetDependency section */

/* Begin PBXVariantGroup section */
		EC4E793F1A00898900DC2AB6 /* Main.storyboard */ = {
			isa = PBXVariantGroup;
			children = (
				EC4E79401A00898900DC2AB6 /* Base */,
			);
			name = Main.storyboard;
			sourceTree = "<group>";
		};
		EC4E79441A00898900DC2AB6 /* LaunchScreen.xib */ = {
			isa = PBXVariantGroup;
			children = (
				EC4E79451A00898900DC2AB6 /* Base */,
			);
			name = LaunchScreen.xib;
			sourceTree = "<group>";
		};
/* End PBXVariantGroup section */

/* Begin XCBuildConfiguration section */
		EC4E79531A00898900DC2AB6 /* Debug */ = {
			isa = XCBuildConfiguration;
			buildSettings = {
				ALWAYS_SEARCH_USER_PATHS = NO;
				CLANG_CXX_LANGUAGE_STANDARD = "gnu++0x";
				CLANG_CXX_LIBRARY = "libc++";
				CLANG_ENABLE_MODULES = YES;
				CLANG_ENABLE_OBJC_ARC = YES;
				CLANG_WARN_BOOL_CONVERSION = YES;
				CLANG_WARN_CONSTANT_CONVERSION = YES;
				CLANG_WARN_DIRECT_OBJC_ISA_USAGE = YES_ERROR;
				CLANG_WARN_EMPTY_BODY = YES;
				CLANG_WARN_ENUM_CONVERSION = YES;
				CLANG_WARN_INT_CONVERSION = YES;
				CLANG_WARN_OBJC_ROOT_CLASS = YES_ERROR;
				CLANG_WARN_UNREACHABLE_CODE = YES;
				CLANG_WARN__DUPLICATE_METHOD_MATCH = YES;
				"CODE_SIGN_IDENTITY[sdk=iphoneos*]" = "iPhone Developer";
				COPY_PHASE_STRIP = NO;
				ENABLE_STRICT_OBJC_MSGSEND = YES;
				GCC_C_LANGUAGE_STANDARD = gnu99;
				GCC_DYNAMIC_NO_PIC = NO;
				GCC_OPTIMIZATION_LEVEL = 0;
				GCC_PREPROCESSOR_DEFINITIONS = (
					"DEBUG=1",
					"$(inherited)",
				);
				GCC_SYMBOLS_PRIVATE_EXTERN = NO;
				GCC_WARN_64_TO_32_BIT_CONVERSION = YES;
				GCC_WARN_ABOUT_RETURN_TYPE = YES_ERROR;
				GCC_WARN_UNDECLARED_SELECTOR = YES;
				GCC_WARN_UNINITIALIZED_AUTOS = YES_AGGRESSIVE;
				GCC_WARN_UNUSED_FUNCTION = YES;
				GCC_WARN_UNUSED_VARIABLE = YES;
				IPHONEOS_DEPLOYMENT_TARGET = 8.0;
				MTL_ENABLE_DEBUG_INFO = YES;
				ONLY_ACTIVE_ARCH = YES;
				SDKROOT = iphoneos;
			};
			name = Debug;
		};
		EC4E79541A00898900DC2AB6 /* Release */ = {
			isa = XCBuildConfiguration;
			buildSettings = {
				ALWAYS_SEARCH_USER_PATHS = NO;
				CLANG_CXX_LANGUAGE_STANDARD = "gnu++0x";
				CLANG_CXX_LIBRARY = "libc++";
				CLANG_ENABLE_MODULES = YES;
				CLANG_ENABLE_OBJC_ARC = YES;
				CLANG_WARN_BOOL_CONVERSION = YES;
				CLANG_WARN_CONSTANT_CONVERSION = YES;
				CLANG_WARN_DIRECT_OBJC_ISA_USAGE = YES_ERROR;
				CLANG_WARN_EMPTY_BODY = YES;
				CLANG_WARN_ENUM_CONVERSION = YES;
				CLANG_WARN_INT_CONVERSION = YES;
				CLANG_WARN_OBJC_ROOT_CLASS = YES_ERROR;
				CLANG_WARN_UNREACHABLE_CODE = YES;
				CLANG_WARN__DUPLICATE_METHOD_MATCH = YES;
				"CODE_SIGN_IDENTITY[sdk=iphoneos*]" = "iPhone Developer";
				COPY_PHASE_STRIP = YES;
				ENABLE_NS_ASSERTIONS = NO;
				ENABLE_STRICT_OBJC_MSGSEND = YES;
				GCC_C_LANGUAGE_STANDARD = gnu99;
				GCC_WARN_64_TO_32_BIT_CONVERSION = YES;
				GCC_WARN_ABOUT_RETURN_TYPE = YES_ERROR;
				GCC_WARN_UNDECLARED_SELECTOR = YES;
				GCC_WARN_UNINITIALIZED_AUTOS = YES_AGGRESSIVE;
				GCC_WARN_UNUSED_FUNCTION = YES;
				GCC_WARN_UNUSED_VARIABLE = YES;
				IPHONEOS_DEPLOYMENT_TARGET = 8.0;
				MTL_ENABLE_DEBUG_INFO = NO;
				SDKROOT = iphoneos;
				VALIDATE_PRODUCT = YES;
			};
			name = Release;
		};
		EC4E79561A00898900DC2AB6 /* Debug */ = {
			isa = XCBuildConfiguration;
			buildSettings = {
				ASSETCATALOG_COMPILER_APPICON_NAME = AppIcon;
				INFOPLIST_FILE = abc/Info.plist;
				LD_RUNPATH_SEARCH_PATHS = "$(inherited) @executable_path/Frameworks";
				PRODUCT_NAME = "$(TARGET_NAME)";
			};
			name = Debug;
		};
		EC4E79571A00898900DC2AB6 /* Release */ = {
			isa = XCBuildConfiguration;
			buildSettings = {
				ASSETCATALOG_COMPILER_APPICON_NAME = AppIcon;
				INFOPLIST_FILE = abc/Info.plist;
				LD_RUNPATH_SEARCH_PATHS = "$(inherited) @executable_path/Frameworks";
				PRODUCT_NAME = "$(TARGET_NAME)";
			};
			name = Release;
		};
		EC4E79591A00898900DC2AB6 /* Debug */ = {
			isa = XCBuildConfiguration;
			buildSettings = {
				BUNDLE_LOADER = "$(TEST_HOST)";
				FRAMEWORK_SEARCH_PATHS = (
					"$(SDKROOT)/Developer/Library/Frameworks",
					"$(inherited)",
				);
				GCC_PREPROCESSOR_DEFINITIONS = (
					"DEBUG=1",
					"$(inherited)",
				);
				INFOPLIST_FILE = abcTests/Info.plist;
				LD_RUNPATH_SEARCH_PATHS = "$(inherited) @executable_path/Frameworks @loader_path/Frameworks";
				PRODUCT_NAME = "$(TARGET_NAME)";
				TEST_HOST = "$(BUILT_PRODUCTS_DIR)/abc.app/abc";
			};
			name = Debug;
		};
		EC4E795A1A00898900DC2AB6 /* Release */ = {
			isa = XCBuildConfiguration;
			buildSettings = {
				BUNDLE_LOADER = "$(TEST_HOST)";
				FRAMEWORK_SEARCH_PATHS = (
					"$(SDKROOT)/Developer/Library/Frameworks",
					"$(inherited)",
				);
				INFOPLIST_FILE = abcTests/Info.plist;
				LD_RUNPATH_SEARCH_PATHS = "$(inherited) @executable_path/Frameworks @loader_path/Frameworks";
				PRODUCT_NAME = "$(TARGET_NAME)";
				TEST_HOST = "$(BUILT_PRODUCTS_DIR)/abc.app/abc";
			};
			name = Release;
		};
/* End XCBuildConfiguration section */

/* Begin XCConfigurationList section */
		EC4E79271A00898900DC2AB6 /* Build configuration list for PBXProject "abc" */ = {
			isa = XCConfigurationList;
			buildConfigurations = (
				EC4E79531A00898900DC2AB6 /* Debug */,
				EC4E79541A00898900DC2AB6 /* Release */,
			);
			defaultConfigurationIsVisible = 0;
			defaultConfigurationName = Release;
		};
		EC4E79551A00898900DC2AB6 /* Build configuration list for PBXNativeTarget "abc" */ = {
			isa = XCConfigurationList;
			buildConfigurations = (
				EC4E79561A00898900DC2AB6 /* Debug */,
				EC4E79571A00898900DC2AB6 /* Release */,
			);
			defaultConfigurationIsVisible = 0;
		};
		EC4E79581A00898900DC2AB6 /* Build configuration list for PBXNativeTarget "abcTests" */ = {
			isa = XCConfigurationList;
			buildConfigurations = (
				EC4E79591A00898900DC2AB6 /* Debug */,
				EC4E795A1A00898900DC2AB6 /* Release */,
			);
			defaultConfigurationIsVisible = 0;
		};
/* End XCConfigurationList section */

/* Begin XCVersionGroup section */
		EC4E79361A00898900DC2AB6 /* abc.xcdatamodeld */ = {
			isa = XCVersionGroup;
			children = (
				EC4E79371A00898900DC2AB6 /* abc.xcdatamodel */,
			);
			currentVersion = EC4E79371A00898900DC2AB6 /* abc.xcdatamodel */;
			path = abc.xcdatamodeld;
			sourceTree = "<group>";
			versionGroupType = wrapper.xcdatamodel;
		};
/* End XCVersionGroup section */
	};
	rootObject = EC4E79241A00898900DC2AB6 /* Project object */;
}
